
Microsoft Visual Studio Solution File, Format Version 12.00
# Visual Studio Version 16
VisualStudioVersion = 16.0.31229.75
MinimumVisualStudioVersion = 10.0.40219.1
Project("{8BC9CEB8-8B4A-11D0-8D11-00A0C91BC942}") = "15160복습", "15160복습\15160복습.vcxproj", "{41E12E5A-A1BB-48FE-8378-CE145CE643F8}"
EndProject
Project("{8BC9CEB8-8B4A-11D0-8D11-00A0C91BC942}") = "15560복습", "15560복습\15560복습.vcxproj", "{7511A0CF-C759-476F-9171-BAC87F1BAD1A}"
EndProject
Project("{8BC9CEB8-8B4A-11D0-8D11-00A0C91BC942}") = "Frame", "Frame\Frame.vcxproj", "{C65C246E-0699-4506-A3B4-F3492FF4778F}"
EndProject
Project("{8BC9CEB8-8B4A-11D0-8D11-00A0C91BC942}") = "test_cpp", "test.c\test.c.vcxproj", "{DA181C49-C05C-4838-826C-AF0C028BCA2A}"
EndProject
Project("{8BC9CEB8-8B4A-11D0-8D11-00A0C91BC942}") = "15570복습", "15570복습\15570복습.vcxproj", "{2A29B63D-DC9C-49E0-A006-CCEBEB6FFCF5}"
EndProject
Project("{8BC9CEB8-8B4A-11D0-8D11-00A0C91BC942}") = "15640복습", "15640복습\15640복습.vcxproj", "{55BFCD6C-D87C-4E1F-8F16-A2B74316559C}"
EndProject
Project("{8BC9CEB8-8B4A-11D0-8D11-00A0C91BC942}") = "16730복습", "16730복습\16730복습.vcxproj", "{76146805-FEDE-4C9E-A04B-53BF9D4C507D}"
EndProject
Project("{8BC9CEB8-8B4A-11D0-8D11-00A0C91BC942}") = "17181복습", "17181복습\17181복습.vcxproj", "{9BA49257-C8DE-4057-88AD-0A89474BEF4A}"
EndProject
Project("{8BC9CEB8-8B4A-11D0-8D11-00A0C91BC942}") = "17200복습", "17200복습\17200복습.vcxproj", "{DD58DB73-6050-4682-AABD-8A6B9416CEF4}"
EndProject
Project("{8BC9CEB8-8B4A-11D0-8D11-00A0C91BC942}") = "17220복습", "17220복습\17220복습.vcxproj", "{BBC9CB94-B475-4646-AABB-0D4E772B480A}"
EndProject
Project("{8BC9CEB8-8B4A-11D0-8D11-00A0C91BC942}") = "17280", "17280\17280.vcxproj", "{7B77CD8B-2B3D-4431-98D7-26214FE83A25}"
EndProject
Project("{8BC9CEB8-8B4A-11D0-8D11-00A0C91BC942}") = "17310 삽입정렬단계", "17310 삽입정렬단계\17310 삽입정렬단계.vcxproj", "{C8CEC9D3-C6E0-41D8-9F51-B2E59B9E6707}"
EndProject
Project("{8BC9CEB8-8B4A-11D0-8D11-00A0C91BC942}") = "27140복습", "27140복습\27140복습.vcxproj", "{3A95530F-45AC-4C05-8C62-8B924CB45DA7}"
EndProject
Project("{2150E333-8FDC-42A3-9474-1A3956D46DE8}") = "복습", "복습", "{42C84DD7-AF30-4DDE-8851-B54B04FDBF6D}"
EndProject
Project("{8BC9CEB8-8B4A-11D0-8D11-00A0C91BC942}") = "테트리스", "테트리스\테트리스.vcxproj", "{8E95EA47-B0B9-4A76-9495-161C65F9E662}"
EndProject
Project("{8BC9CEB8-8B4A-11D0-8D11-00A0C91BC942}") = "28600복습", "28600복습\28600복습.vcxproj", "{620D0D8E-5B89-444F-9820-768E727DBF38}"
EndProject
Project("{8BC9CEB8-8B4A-11D0-8D11-00A0C91BC942}") = "28770", "28770\28770.vcxproj", "{3FE2DA1C-6E4E-4F2C-B184-87631D72FB01}"
EndProject
Project("{8BC9CEB8-8B4A-11D0-8D11-00A0C91BC942}") = "7040", "7040\7040.vcxproj", "{DCE9CD17-9418-4F89-AE69-D8CED47937ED}"
EndProject
Project("{8BC9CEB8-8B4A-11D0-8D11-00A0C91BC942}") = "7045", "7045\7045.vcxproj", "{C7F0EBC7-B7FD-445B-9564-EA6992D04375}"
EndProject
Project("{8BC9CEB8-8B4A-11D0-8D11-00A0C91BC942}") = "7060", "7060\7060.vcxproj", "{40AC584E-094C-4689-B44C-7092BD1CC38F}"
EndProject
Project("{8BC9CEB8-8B4A-11D0-8D11-00A0C91BC942}") = "7070", "7070\7070.vcxproj", "{94212F8F-20BC-4A68-8917-D19F5400D411}"
EndProject
Project("{8BC9CEB8-8B4A-11D0-8D11-00A0C91BC942}") = "7080", "7080\7080.vcxproj", "{459266AB-D539-4B9E-99C7-C4C2DD653D29}"
EndProject
Project("{8BC9CEB8-8B4A-11D0-8D11-00A0C91BC942}") = "7090", "7090\7090.vcxproj", "{3B33F6EA-7EAB-4AEF-97E2-D2DF2BBFE12F}"
EndProject
Project("{8BC9CEB8-8B4A-11D0-8D11-00A0C91BC942}") = "7050", "7050\7050.vcxproj", "{839701F4-80DF-4BC2-8BEA-D7AFC0C4DE73}"
EndProject
Project("{8BC9CEB8-8B4A-11D0-8D11-00A0C91BC942}") = "8110", "8110\8110.vcxproj", "{B35FEEFB-6CB3-4098-AE38-2D3D96316B9D}"
EndProject
Project("{8BC9CEB8-8B4A-11D0-8D11-00A0C91BC942}") = "9970", "9970\9970.vcxproj", "{CBE72185-DF4E-4AE0-AE53-5764EBCB7D51}"
EndProject
Project("{8BC9CEB8-8B4A-11D0-8D11-00A0C91BC942}") = "10310", "10310\10310.vcxproj", "{3FC5DF6E-B67C-41F9-B17E-A55814363D1E}"
EndProject
Project("{8BC9CEB8-8B4A-11D0-8D11-00A0C91BC942}") = "10470", "10470\10470.vcxproj", "{B2CC754B-543E-413D-AA1E-C3A6822A97F1}"
EndProject
Project("{8BC9CEB8-8B4A-11D0-8D11-00A0C91BC942}") = "11130", "11130\11130.vcxproj", "{CABA50DA-07CB-420E-A5A4-180A5384CEEF}"
EndProject
Project("{8BC9CEB8-8B4A-11D0-8D11-00A0C91BC942}") = "11300", "11300\11300.vcxproj", "{EC2DF382-7703-4ED3-A428-368E6DBEAA5F}"
EndProject
Project("{8BC9CEB8-8B4A-11D0-8D11-00A0C91BC942}") = "11580", "11580\11580.vcxproj", "{8F928D56-8A46-426A-AAFB-7C58F7F818BA}"
EndProject
Project("{8BC9CEB8-8B4A-11D0-8D11-00A0C91BC942}") = "11630", "11630\11630.vcxproj", "{CD62E3F9-ED67-434F-8FE2-1FDAB7EA0580}"
EndProject
Project("{8BC9CEB8-8B4A-11D0-8D11-00A0C91BC942}") = "11750", "11750\11750.vcxproj", "{8CC1BBB4-9314-4A6C-AA45-ECA46CBB3272}"
EndProject
Project("{8BC9CEB8-8B4A-11D0-8D11-00A0C91BC942}") = "은행(파일분리)", "은행(파일분리)\은행(파일분리).vcxproj", "{00B9C8C0-B882-418A-911B-5FC1C9063441}"
EndProject
Project("{8BC9CEB8-8B4A-11D0-8D11-00A0C91BC942}") = "12480", "12480\12480.vcxproj", "{19ABB8DA-E3A2-4557-8EC6-2C2D3764E80D}"
EndProject
Project("{8BC9CEB8-8B4A-11D0-8D11-00A0C91BC942}") = "12596", "12596\12596.vcxproj", "{56647162-2A39-4AA1-A822-E087214A6576}"
EndProject
Project("{8BC9CEB8-8B4A-11D0-8D11-00A0C91BC942}") = "12597", "12597\12597.vcxproj", "{BF9384BC-92E4-4A68-9C2C-0D421E496D26}"
EndProject
Project("{8BC9CEB8-8B4A-11D0-8D11-00A0C91BC942}") = "12430", "12430\12430.vcxproj", "{D53E8E23-E175-463E-A428-38BEC10C9F5B}"
EndProject
Project("{8BC9CEB8-8B4A-11D0-8D11-00A0C91BC942}") = "13600", "13600\13600.vcxproj", "{69F9760F-1640-4CD0-9745-E0AD375D2FA0}"
EndProject
Project("{8BC9CEB8-8B4A-11D0-8D11-00A0C91BC942}") = "11700", "11700\11700.vcxproj", "{CFE70647-C7E0-4546-AC04-83155C0BFB48}"
EndProject
Project("{8BC9CEB8-8B4A-11D0-8D11-00A0C91BC942}") = "12431", "12431\12431.vcxproj", "{F934B70C-C47A-4027-BD78-C3D4A8270191}"
EndProject
Project("{8BC9CEB8-8B4A-11D0-8D11-00A0C91BC942}") = "13520", "13520\13520.vcxproj", "{5EB0590F-9840-49CD-974A-D988717039B6}"
EndProject
Project("{8BC9CEB8-8B4A-11D0-8D11-00A0C91BC942}") = "14790", "14790\14790.vcxproj", "{FB5F22AA-6F2B-4C62-A210-5135AEF9D560}"
EndProject
Project("{8BC9CEB8-8B4A-11D0-8D11-00A0C91BC942}") = "15002", "15002\15002.vcxproj", "{4BE1DC98-F337-4970-9409-1260C462A6FF}"
EndProject
Project("{8BC9CEB8-8B4A-11D0-8D11-00A0C91BC942}") = "15004", "15004\15004.vcxproj", "{4F3802B4-0E33-4B98-B881-CB7B6744B92C}"
EndProject
Project("{8BC9CEB8-8B4A-11D0-8D11-00A0C91BC942}") = "15101", "15101\15101.vcxproj", "{30E48865-A72D-475E-AF0C-891E90A1AE77}"
EndProject
Project("{8BC9CEB8-8B4A-11D0-8D11-00A0C91BC942}") = "15102", "15102\15102.vcxproj", "{BE8EE60D-F485-49FC-92CC-B5554B3453A5}"
EndProject
Project("{8BC9CEB8-8B4A-11D0-8D11-00A0C91BC942}") = "13702", "13702\13702.vcxproj", "{47E877A2-EC68-4BDE-9E27-ECF1F35AFCFB}"
EndProject
Project("{8BC9CEB8-8B4A-11D0-8D11-00A0C91BC942}") = "14800", "14800\14800.vcxproj", "{EAC4BC36-5271-42D1-8CBC-B1901D224E06}"
EndProject
Project("{8BC9CEB8-8B4A-11D0-8D11-00A0C91BC942}") = "17120", "17120\17120.vcxproj", "{55EA1A80-6F5F-4575-B221-C009703C931F}"
EndProject
Project("{8BC9CEB8-8B4A-11D0-8D11-00A0C91BC942}") = "17130", "17130\17130.vcxproj", "{5561741B-39E9-4BA5-A2AE-4127898A4C06}"
EndProject
Project("{8BC9CEB8-8B4A-11D0-8D11-00A0C91BC942}") = "17140", "17140\17140.vcxproj", "{B4130B9E-23A5-4177-98E1-CC69C6873A18}"
EndProject
Project("{8BC9CEB8-8B4A-11D0-8D11-00A0C91BC942}") = "17181다형성", "17181다형성\17181다형성.vcxproj", "{519F881E-44DC-4BEF-A1DB-43982765D89C}"
EndProject
Project("{8BC9CEB8-8B4A-11D0-8D11-00A0C91BC942}") = "19080", "19080\19080.vcxproj", "{14660651-03B2-45C0-B839-114A7EADF8CF}"
EndProject
Project("{8BC9CEB8-8B4A-11D0-8D11-00A0C91BC942}") = "19110", "19110\19110.vcxproj", "{F6C4F717-6373-44E7-8520-25C853B244BD}"
EndProject
Project("{8BC9CEB8-8B4A-11D0-8D11-00A0C91BC942}") = "19070오버로딩", "19070오버로딩\19070오버로딩.vcxproj", "{2AC2BBA6-985A-453E-9CCB-EC95D3630414}"
EndProject
Project("{8BC9CEB8-8B4A-11D0-8D11-00A0C91BC942}") = "19200", "19200\19200.vcxproj", "{69F9E38F-2C9B-4854-8536-9672CB754BC1}"
EndProject
Project("{8BC9CEB8-8B4A-11D0-8D11-00A0C91BC942}") = "21070", "21070\21070.vcxproj", "{AC0641D2-8D17-4F5E-BEDF-E32E3FD1918C}"
EndProject
Project("{2150E333-8FDC-42A3-9474-1A3956D46DE8}") = "~Generic 전까지", "~Generic 전까지", "{751445F1-F99B-46F4-B913-59174FB62178}"
EndProject
Project("{2150E333-8FDC-42A3-9474-1A3956D46DE8}") = "Generic~", "Generic~", "{E12B60B1-0AA0-4649-9023-0AA8AAA1507E}"
EndProject
Project("{8BC9CEB8-8B4A-11D0-8D11-00A0C91BC942}") = "21130", "21130\21130.vcxproj", "{8285589D-F572-4936-8383-543327AC936A}"
EndProject
Project("{8BC9CEB8-8B4A-11D0-8D11-00A0C91BC942}") = "21131", "21131\21131.vcxproj", "{0731F1E0-E45A-4BEE-A324-F78B672B20A8}"
EndProject
Project("{8BC9CEB8-8B4A-11D0-8D11-00A0C91BC942}") = "23030", "23030\23030.vcxproj", "{78D2CBF3-A7FE-4641-9BE3-63C4BF303C8C}"
EndProject
Project("{8BC9CEB8-8B4A-11D0-8D11-00A0C91BC942}") = "23040", "23040\23040.vcxproj", "{9736A995-4ED4-4938-86B7-BF54D3A7532C}"
EndProject
Project("{8BC9CEB8-8B4A-11D0-8D11-00A0C91BC942}") = "23080", "23080\23080.vcxproj", "{6709AD33-E082-4B12-912B-5DD51AA1AB69}"
EndProject
Project("{8BC9CEB8-8B4A-11D0-8D11-00A0C91BC942}") = "23090", "23090\23090.vcxproj", "{BCB8BFC5-7BDF-402E-83D0-F22760E4157F}"
EndProject
Project("{8BC9CEB8-8B4A-11D0-8D11-00A0C91BC942}") = "25180과일상자", "25180과일상자1단계\25180과일상자1단계.vcxproj", "{10704873-6960-45AD-AC8F-874E3119FE2E}"
EndProject
Project("{8BC9CEB8-8B4A-11D0-8D11-00A0C91BC942}") = "25120시험", "25120시험\25120시험.vcxproj", "{E8D5AB6D-07EF-4F34-B360-17B10C1FF534}"
EndProject
Project("{8BC9CEB8-8B4A-11D0-8D11-00A0C91BC942}") = "c언어연습", "c언어연습\c언어연습.vcxproj", "{4C2217C3-A9BC-4DDE-9FCA-3A5107110FB4}"
EndProject
Global
	GlobalSection(SolutionConfigurationPlatforms) = preSolution
		Debug|x64 = Debug|x64
		Debug|x86 = Debug|x86
		Release|x64 = Release|x64
		Release|x86 = Release|x86
	EndGlobalSection
	GlobalSection(ProjectConfigurationPlatforms) = postSolution
		{41E12E5A-A1BB-48FE-8378-CE145CE643F8}.Debug|x64.ActiveCfg = Debug|x64
		{41E12E5A-A1BB-48FE-8378-CE145CE643F8}.Debug|x64.Build.0 = Debug|x64
		{41E12E5A-A1BB-48FE-8378-CE145CE643F8}.Debug|x86.ActiveCfg = Debug|Win32
		{41E12E5A-A1BB-48FE-8378-CE145CE643F8}.Debug|x86.Build.0 = Debug|Win32
		{41E12E5A-A1BB-48FE-8378-CE145CE643F8}.Release|x64.ActiveCfg = Release|x64
		{41E12E5A-A1BB-48FE-8378-CE145CE643F8}.Release|x64.Build.0 = Release|x64
		{41E12E5A-A1BB-48FE-8378-CE145CE643F8}.Release|x86.ActiveCfg = Release|Win32
		{41E12E5A-A1BB-48FE-8378-CE145CE643F8}.Release|x86.Build.0 = Release|Win32
		{7511A0CF-C759-476F-9171-BAC87F1BAD1A}.Debug|x64.ActiveCfg = Debug|x64
		{7511A0CF-C759-476F-9171-BAC87F1BAD1A}.Debug|x64.Build.0 = Debug|x64
		{7511A0CF-C759-476F-9171-BAC87F1BAD1A}.Debug|x86.ActiveCfg = Debug|Win32
		{7511A0CF-C759-476F-9171-BAC87F1BAD1A}.Debug|x86.Build.0 = Debug|Win32
		{7511A0CF-C759-476F-9171-BAC87F1BAD1A}.Release|x64.ActiveCfg = Release|x64
		{7511A0CF-C759-476F-9171-BAC87F1BAD1A}.Release|x64.Build.0 = Release|x64
		{7511A0CF-C759-476F-9171-BAC87F1BAD1A}.Release|x86.ActiveCfg = Release|Win32
		{7511A0CF-C759-476F-9171-BAC87F1BAD1A}.Release|x86.Build.0 = Release|Win32
		{C65C246E-0699-4506-A3B4-F3492FF4778F}.Debug|x64.ActiveCfg = Debug|x64
		{C65C246E-0699-4506-A3B4-F3492FF4778F}.Debug|x64.Build.0 = Debug|x64
		{C65C246E-0699-4506-A3B4-F3492FF4778F}.Debug|x86.ActiveCfg = Debug|Win32
		{C65C246E-0699-4506-A3B4-F3492FF4778F}.Debug|x86.Build.0 = Debug|Win32
		{C65C246E-0699-4506-A3B4-F3492FF4778F}.Release|x64.ActiveCfg = Release|x64
		{C65C246E-0699-4506-A3B4-F3492FF4778F}.Release|x64.Build.0 = Release|x64
		{C65C246E-0699-4506-A3B4-F3492FF4778F}.Release|x86.ActiveCfg = Release|Win32
		{C65C246E-0699-4506-A3B4-F3492FF4778F}.Release|x86.Build.0 = Release|Win32
		{DA181C49-C05C-4838-826C-AF0C028BCA2A}.Debug|x64.ActiveCfg = Debug|x64
		{DA181C49-C05C-4838-826C-AF0C028BCA2A}.Debug|x64.Build.0 = Debug|x64
		{DA181C49-C05C-4838-826C-AF0C028BCA2A}.Debug|x86.ActiveCfg = Debug|Win32
		{DA181C49-C05C-4838-826C-AF0C028BCA2A}.Debug|x86.Build.0 = Debug|Win32
		{DA181C49-C05C-4838-826C-AF0C028BCA2A}.Release|x64.ActiveCfg = Release|x64
		{DA181C49-C05C-4838-826C-AF0C028BCA2A}.Release|x64.Build.0 = Release|x64
		{DA181C49-C05C-4838-826C-AF0C028BCA2A}.Release|x86.ActiveCfg = Release|Win32
		{DA181C49-C05C-4838-826C-AF0C028BCA2A}.Release|x86.Build.0 = Release|Win32
		{2A29B63D-DC9C-49E0-A006-CCEBEB6FFCF5}.Debug|x64.ActiveCfg = Debug|x64
		{2A29B63D-DC9C-49E0-A006-CCEBEB6FFCF5}.Debug|x64.Build.0 = Debug|x64
		{2A29B63D-DC9C-49E0-A006-CCEBEB6FFCF5}.Debug|x86.ActiveCfg = Debug|Win32
		{2A29B63D-DC9C-49E0-A006-CCEBEB6FFCF5}.Debug|x86.Build.0 = Debug|Win32
		{2A29B63D-DC9C-49E0-A006-CCEBEB6FFCF5}.Release|x64.ActiveCfg = Release|x64
		{2A29B63D-DC9C-49E0-A006-CCEBEB6FFCF5}.Release|x64.Build.0 = Release|x64
		{2A29B63D-DC9C-49E0-A006-CCEBEB6FFCF5}.Release|x86.ActiveCfg = Release|Win32
		{2A29B63D-DC9C-49E0-A006-CCEBEB6FFCF5}.Release|x86.Build.0 = Release|Win32
		{55BFCD6C-D87C-4E1F-8F16-A2B74316559C}.Debug|x64.ActiveCfg = Debug|x64
		{55BFCD6C-D87C-4E1F-8F16-A2B74316559C}.Debug|x64.Build.0 = Debug|x64
		{55BFCD6C-D87C-4E1F-8F16-A2B74316559C}.Debug|x86.ActiveCfg = Debug|Win32
		{55BFCD6C-D87C-4E1F-8F16-A2B74316559C}.Debug|x86.Build.0 = Debug|Win32
		{55BFCD6C-D87C-4E1F-8F16-A2B74316559C}.Release|x64.ActiveCfg = Release|x64
		{55BFCD6C-D87C-4E1F-8F16-A2B74316559C}.Release|x64.Build.0 = Release|x64
		{55BFCD6C-D87C-4E1F-8F16-A2B74316559C}.Release|x86.ActiveCfg = Release|Win32
		{55BFCD6C-D87C-4E1F-8F16-A2B74316559C}.Release|x86.Build.0 = Release|Win32
		{76146805-FEDE-4C9E-A04B-53BF9D4C507D}.Debug|x64.ActiveCfg = Debug|x64
		{76146805-FEDE-4C9E-A04B-53BF9D4C507D}.Debug|x64.Build.0 = Debug|x64
		{76146805-FEDE-4C9E-A04B-53BF9D4C507D}.Debug|x86.ActiveCfg = Debug|Win32
		{76146805-FEDE-4C9E-A04B-53BF9D4C507D}.Debug|x86.Build.0 = Debug|Win32
		{76146805-FEDE-4C9E-A04B-53BF9D4C507D}.Release|x64.ActiveCfg = Release|x64
		{76146805-FEDE-4C9E-A04B-53BF9D4C507D}.Release|x64.Build.0 = Release|x64
		{76146805-FEDE-4C9E-A04B-53BF9D4C507D}.Release|x86.ActiveCfg = Release|Win32
		{76146805-FEDE-4C9E-A04B-53BF9D4C507D}.Release|x86.Build.0 = Release|Win32
		{9BA49257-C8DE-4057-88AD-0A89474BEF4A}.Debug|x64.ActiveCfg = Debug|x64
		{9BA49257-C8DE-4057-88AD-0A89474BEF4A}.Debug|x64.Build.0 = Debug|x64
		{9BA49257-C8DE-4057-88AD-0A89474BEF4A}.Debug|x86.ActiveCfg = Debug|Win32
		{9BA49257-C8DE-4057-88AD-0A89474BEF4A}.Debug|x86.Build.0 = Debug|Win32
		{9BA49257-C8DE-4057-88AD-0A89474BEF4A}.Release|x64.ActiveCfg = Release|x64
		{9BA49257-C8DE-4057-88AD-0A89474BEF4A}.Release|x64.Build.0 = Release|x64
		{9BA49257-C8DE-4057-88AD-0A89474BEF4A}.Release|x86.ActiveCfg = Release|Win32
		{9BA49257-C8DE-4057-88AD-0A89474BEF4A}.Release|x86.Build.0 = Release|Win32
		{DD58DB73-6050-4682-AABD-8A6B9416CEF4}.Debug|x64.ActiveCfg = Debug|x64
		{DD58DB73-6050-4682-AABD-8A6B9416CEF4}.Debug|x64.Build.0 = Debug|x64
		{DD58DB73-6050-4682-AABD-8A6B9416CEF4}.Debug|x86.ActiveCfg = Debug|Win32
		{DD58DB73-6050-4682-AABD-8A6B9416CEF4}.Debug|x86.Build.0 = Debug|Win32
		{DD58DB73-6050-4682-AABD-8A6B9416CEF4}.Release|x64.ActiveCfg = Release|x64
		{DD58DB73-6050-4682-AABD-8A6B9416CEF4}.Release|x64.Build.0 = Release|x64
		{DD58DB73-6050-4682-AABD-8A6B9416CEF4}.Release|x86.ActiveCfg = Release|Win32
		{DD58DB73-6050-4682-AABD-8A6B9416CEF4}.Release|x86.Build.0 = Release|Win32
		{BBC9CB94-B475-4646-AABB-0D4E772B480A}.Debug|x64.ActiveCfg = Debug|x64
		{BBC9CB94-B475-4646-AABB-0D4E772B480A}.Debug|x64.Build.0 = Debug|x64
		{BBC9CB94-B475-4646-AABB-0D4E772B480A}.Debug|x86.ActiveCfg = Debug|Win32
		{BBC9CB94-B475-4646-AABB-0D4E772B480A}.Debug|x86.Build.0 = Debug|Win32
		{BBC9CB94-B475-4646-AABB-0D4E772B480A}.Release|x64.ActiveCfg = Release|x64
		{BBC9CB94-B475-4646-AABB-0D4E772B480A}.Release|x64.Build.0 = Release|x64
		{BBC9CB94-B475-4646-AABB-0D4E772B480A}.Release|x86.ActiveCfg = Release|Win32
		{BBC9CB94-B475-4646-AABB-0D4E772B480A}.Release|x86.Build.0 = Release|Win32
		{7B77CD8B-2B3D-4431-98D7-26214FE83A25}.Debug|x64.ActiveCfg = Debug|x64
		{7B77CD8B-2B3D-4431-98D7-26214FE83A25}.Debug|x64.Build.0 = Debug|x64
		{7B77CD8B-2B3D-4431-98D7-26214FE83A25}.Debug|x86.ActiveCfg = Debug|Win32
		{7B77CD8B-2B3D-4431-98D7-26214FE83A25}.Debug|x86.Build.0 = Debug|Win32
		{7B77CD8B-2B3D-4431-98D7-26214FE83A25}.Release|x64.ActiveCfg = Release|x64
		{7B77CD8B-2B3D-4431-98D7-26214FE83A25}.Release|x64.Build.0 = Release|x64
		{7B77CD8B-2B3D-4431-98D7-26214FE83A25}.Release|x86.ActiveCfg = Release|Win32
		{7B77CD8B-2B3D-4431-98D7-26214FE83A25}.Release|x86.Build.0 = Release|Win32
		{C8CEC9D3-C6E0-41D8-9F51-B2E59B9E6707}.Debug|x64.ActiveCfg = Debug|x64
		{C8CEC9D3-C6E0-41D8-9F51-B2E59B9E6707}.Debug|x64.Build.0 = Debug|x64
		{C8CEC9D3-C6E0-41D8-9F51-B2E59B9E6707}.Debug|x86.ActiveCfg = Debug|Win32
		{C8CEC9D3-C6E0-41D8-9F51-B2E59B9E6707}.Debug|x86.Build.0 = Debug|Win32
		{C8CEC9D3-C6E0-41D8-9F51-B2E59B9E6707}.Release|x64.ActiveCfg = Release|x64
		{C8CEC9D3-C6E0-41D8-9F51-B2E59B9E6707}.Release|x64.Build.0 = Release|x64
		{C8CEC9D3-C6E0-41D8-9F51-B2E59B9E6707}.Release|x86.ActiveCfg = Release|Win32
		{C8CEC9D3-C6E0-41D8-9F51-B2E59B9E6707}.Release|x86.Build.0 = Release|Win32
		{3A95530F-45AC-4C05-8C62-8B924CB45DA7}.Debug|x64.ActiveCfg = Debug|x64
		{3A95530F-45AC-4C05-8C62-8B924CB45DA7}.Debug|x64.Build.0 = Debug|x64
		{3A95530F-45AC-4C05-8C62-8B924CB45DA7}.Debug|x86.ActiveCfg = Debug|Win32
		{3A95530F-45AC-4C05-8C62-8B924CB45DA7}.Debug|x86.Build.0 = Debug|Win32
		{3A95530F-45AC-4C05-8C62-8B924CB45DA7}.Release|x64.ActiveCfg = Release|x64
		{3A95530F-45AC-4C05-8C62-8B924CB45DA7}.Release|x64.Build.0 = Release|x64
		{3A95530F-45AC-4C05-8C62-8B924CB45DA7}.Release|x86.ActiveCfg = Release|Win32
		{3A95530F-45AC-4C05-8C62-8B924CB45DA7}.Release|x86.Build.0 = Release|Win32
		{8E95EA47-B0B9-4A76-9495-161C65F9E662}.Debug|x64.ActiveCfg = Debug|x64
		{8E95EA47-B0B9-4A76-9495-161C65F9E662}.Debug|x64.Build.0 = Debug|x64
		{8E95EA47-B0B9-4A76-9495-161C65F9E662}.Debug|x86.ActiveCfg = Debug|Win32
		{8E95EA47-B0B9-4A76-9495-161C65F9E662}.Debug|x86.Build.0 = Debug|Win32
		{8E95EA47-B0B9-4A76-9495-161C65F9E662}.Release|x64.ActiveCfg = Release|x64
		{8E95EA47-B0B9-4A76-9495-161C65F9E662}.Release|x64.Build.0 = Release|x64
		{8E95EA47-B0B9-4A76-9495-161C65F9E662}.Release|x86.ActiveCfg = Release|Win32
		{8E95EA47-B0B9-4A76-9495-161C65F9E662}.Release|x86.Build.0 = Release|Win32
		{620D0D8E-5B89-444F-9820-768E727DBF38}.Debug|x64.ActiveCfg = Debug|x64
		{620D0D8E-5B89-444F-9820-768E727DBF38}.Debug|x64.Build.0 = Debug|x64
		{620D0D8E-5B89-444F-9820-768E727DBF38}.Debug|x86.ActiveCfg = Debug|Win32
		{620D0D8E-5B89-444F-9820-768E727DBF38}.Debug|x86.Build.0 = Debug|Win32
		{620D0D8E-5B89-444F-9820-768E727DBF38}.Release|x64.ActiveCfg = Release|x64
		{620D0D8E-5B89-444F-9820-768E727DBF38}.Release|x64.Build.0 = Release|x64
		{620D0D8E-5B89-444F-9820-768E727DBF38}.Release|x86.ActiveCfg = Release|Win32
		{620D0D8E-5B89-444F-9820-768E727DBF38}.Release|x86.Build.0 = Release|Win32
		{3FE2DA1C-6E4E-4F2C-B184-87631D72FB01}.Debug|x64.ActiveCfg = Debug|x64
		{3FE2DA1C-6E4E-4F2C-B184-87631D72FB01}.Debug|x64.Build.0 = Debug|x64
		{3FE2DA1C-6E4E-4F2C-B184-87631D72FB01}.Debug|x86.ActiveCfg = Debug|Win32
		{3FE2DA1C-6E4E-4F2C-B184-87631D72FB01}.Debug|x86.Build.0 = Debug|Win32
		{3FE2DA1C-6E4E-4F2C-B184-87631D72FB01}.Release|x64.ActiveCfg = Release|x64
		{3FE2DA1C-6E4E-4F2C-B184-87631D72FB01}.Release|x64.Build.0 = Release|x64
		{3FE2DA1C-6E4E-4F2C-B184-87631D72FB01}.Release|x86.ActiveCfg = Release|Win32
		{3FE2DA1C-6E4E-4F2C-B184-87631D72FB01}.Release|x86.Build.0 = Release|Win32
		{DCE9CD17-9418-4F89-AE69-D8CED47937ED}.Debug|x64.ActiveCfg = Debug|x64
		{DCE9CD17-9418-4F89-AE69-D8CED47937ED}.Debug|x64.Build.0 = Debug|x64
		{DCE9CD17-9418-4F89-AE69-D8CED47937ED}.Debug|x86.ActiveCfg = Debug|Win32
		{DCE9CD17-9418-4F89-AE69-D8CED47937ED}.Debug|x86.Build.0 = Debug|Win32
		{DCE9CD17-9418-4F89-AE69-D8CED47937ED}.Release|x64.ActiveCfg = Release|x64
		{DCE9CD17-9418-4F89-AE69-D8CED47937ED}.Release|x64.Build.0 = Release|x64
		{DCE9CD17-9418-4F89-AE69-D8CED47937ED}.Release|x86.ActiveCfg = Release|Win32
		{DCE9CD17-9418-4F89-AE69-D8CED47937ED}.Release|x86.Build.0 = Release|Win32
		{C7F0EBC7-B7FD-445B-9564-EA6992D04375}.Debug|x64.ActiveCfg = Debug|x64
		{C7F0EBC7-B7FD-445B-9564-EA6992D04375}.Debug|x64.Build.0 = Debug|x64
		{C7F0EBC7-B7FD-445B-9564-EA6992D04375}.Debug|x86.ActiveCfg = Debug|Win32
		{C7F0EBC7-B7FD-445B-9564-EA6992D04375}.Debug|x86.Build.0 = Debug|Win32
		{C7F0EBC7-B7FD-445B-9564-EA6992D04375}.Release|x64.ActiveCfg = Release|x64
		{C7F0EBC7-B7FD-445B-9564-EA6992D04375}.Release|x64.Build.0 = Release|x64
		{C7F0EBC7-B7FD-445B-9564-EA6992D04375}.Release|x86.ActiveCfg = Release|Win32
		{C7F0EBC7-B7FD-445B-9564-EA6992D04375}.Release|x86.Build.0 = Release|Win32
		{40AC584E-094C-4689-B44C-7092BD1CC38F}.Debug|x64.ActiveCfg = Debug|x64
		{40AC584E-094C-4689-B44C-7092BD1CC38F}.Debug|x64.Build.0 = Debug|x64
		{40AC584E-094C-4689-B44C-7092BD1CC38F}.Debug|x86.ActiveCfg = Debug|Win32
		{40AC584E-094C-4689-B44C-7092BD1CC38F}.Debug|x86.Build.0 = Debug|Win32
		{40AC584E-094C-4689-B44C-7092BD1CC38F}.Release|x64.ActiveCfg = Release|x64
		{40AC584E-094C-4689-B44C-7092BD1CC38F}.Release|x64.Build.0 = Release|x64
		{40AC584E-094C-4689-B44C-7092BD1CC38F}.Release|x86.ActiveCfg = Release|Win32
		{40AC584E-094C-4689-B44C-7092BD1CC38F}.Release|x86.Build.0 = Release|Win32
		{94212F8F-20BC-4A68-8917-D19F5400D411}.Debug|x64.ActiveCfg = Debug|x64
		{94212F8F-20BC-4A68-8917-D19F5400D411}.Debug|x64.Build.0 = Debug|x64
		{94212F8F-20BC-4A68-8917-D19F5400D411}.Debug|x86.ActiveCfg = Debug|Win32
		{94212F8F-20BC-4A68-8917-D19F5400D411}.Debug|x86.Build.0 = Debug|Win32
		{94212F8F-20BC-4A68-8917-D19F5400D411}.Release|x64.ActiveCfg = Release|x64
		{94212F8F-20BC-4A68-8917-D19F5400D411}.Release|x64.Build.0 = Release|x64
		{94212F8F-20BC-4A68-8917-D19F5400D411}.Release|x86.ActiveCfg = Release|Win32
		{94212F8F-20BC-4A68-8917-D19F5400D411}.Release|x86.Build.0 = Release|Win32
		{459266AB-D539-4B9E-99C7-C4C2DD653D29}.Debug|x64.ActiveCfg = Debug|x64
		{459266AB-D539-4B9E-99C7-C4C2DD653D29}.Debug|x64.Build.0 = Debug|x64
		{459266AB-D539-4B9E-99C7-C4C2DD653D29}.Debug|x86.ActiveCfg = Debug|Win32
		{459266AB-D539-4B9E-99C7-C4C2DD653D29}.Debug|x86.Build.0 = Debug|Win32
		{459266AB-D539-4B9E-99C7-C4C2DD653D29}.Release|x64.ActiveCfg = Release|x64
		{459266AB-D539-4B9E-99C7-C4C2DD653D29}.Release|x64.Build.0 = Release|x64
		{459266AB-D539-4B9E-99C7-C4C2DD653D29}.Release|x86.ActiveCfg = Release|Win32
		{459266AB-D539-4B9E-99C7-C4C2DD653D29}.Release|x86.Build.0 = Release|Win32
		{3B33F6EA-7EAB-4AEF-97E2-D2DF2BBFE12F}.Debug|x64.ActiveCfg = Debug|x64
		{3B33F6EA-7EAB-4AEF-97E2-D2DF2BBFE12F}.Debug|x64.Build.0 = Debug|x64
		{3B33F6EA-7EAB-4AEF-97E2-D2DF2BBFE12F}.Debug|x86.ActiveCfg = Debug|Win32
		{3B33F6EA-7EAB-4AEF-97E2-D2DF2BBFE12F}.Debug|x86.Build.0 = Debug|Win32
		{3B33F6EA-7EAB-4AEF-97E2-D2DF2BBFE12F}.Release|x64.ActiveCfg = Release|x64
		{3B33F6EA-7EAB-4AEF-97E2-D2DF2BBFE12F}.Release|x64.Build.0 = Release|x64
		{3B33F6EA-7EAB-4AEF-97E2-D2DF2BBFE12F}.Release|x86.ActiveCfg = Release|Win32
		{3B33F6EA-7EAB-4AEF-97E2-D2DF2BBFE12F}.Release|x86.Build.0 = Release|Win32
		{839701F4-80DF-4BC2-8BEA-D7AFC0C4DE73}.Debug|x64.ActiveCfg = Debug|x64
		{839701F4-80DF-4BC2-8BEA-D7AFC0C4DE73}.Debug|x64.Build.0 = Debug|x64
		{839701F4-80DF-4BC2-8BEA-D7AFC0C4DE73}.Debug|x86.ActiveCfg = Debug|Win32
		{839701F4-80DF-4BC2-8BEA-D7AFC0C4DE73}.Debug|x86.Build.0 = Debug|Win32
		{839701F4-80DF-4BC2-8BEA-D7AFC0C4DE73}.Release|x64.ActiveCfg = Release|x64
		{839701F4-80DF-4BC2-8BEA-D7AFC0C4DE73}.Release|x64.Build.0 = Release|x64
		{839701F4-80DF-4BC2-8BEA-D7AFC0C4DE73}.Release|x86.ActiveCfg = Release|Win32
		{839701F4-80DF-4BC2-8BEA-D7AFC0C4DE73}.Release|x86.Build.0 = Release|Win32
		{B35FEEFB-6CB3-4098-AE38-2D3D96316B9D}.Debug|x64.ActiveCfg = Debug|x64
		{B35FEEFB-6CB3-4098-AE38-2D3D96316B9D}.Debug|x64.Build.0 = Debug|x64
		{B35FEEFB-6CB3-4098-AE38-2D3D96316B9D}.Debug|x86.ActiveCfg = Debug|Win32
		{B35FEEFB-6CB3-4098-AE38-2D3D96316B9D}.Debug|x86.Build.0 = Debug|Win32
		{B35FEEFB-6CB3-4098-AE38-2D3D96316B9D}.Release|x64.ActiveCfg = Release|x64
		{B35FEEFB-6CB3-4098-AE38-2D3D96316B9D}.Release|x64.Build.0 = Release|x64
		{B35FEEFB-6CB3-4098-AE38-2D3D96316B9D}.Release|x86.ActiveCfg = Release|Win32
		{B35FEEFB-6CB3-4098-AE38-2D3D96316B9D}.Release|x86.Build.0 = Release|Win32
		{CBE72185-DF4E-4AE0-AE53-5764EBCB7D51}.Debug|x64.ActiveCfg = Debug|x64
		{CBE72185-DF4E-4AE0-AE53-5764EBCB7D51}.Debug|x64.Build.0 = Debug|x64
		{CBE72185-DF4E-4AE0-AE53-5764EBCB7D51}.Debug|x86.ActiveCfg = Debug|Win32
		{CBE72185-DF4E-4AE0-AE53-5764EBCB7D51}.Debug|x86.Build.0 = Debug|Win32
		{CBE72185-DF4E-4AE0-AE53-5764EBCB7D51}.Release|x64.ActiveCfg = Release|x64
		{CBE72185-DF4E-4AE0-AE53-5764EBCB7D51}.Release|x64.Build.0 = Release|x64
		{CBE72185-DF4E-4AE0-AE53-5764EBCB7D51}.Release|x86.ActiveCfg = Release|Win32
		{CBE72185-DF4E-4AE0-AE53-5764EBCB7D51}.Release|x86.Build.0 = Release|Win32
		{3FC5DF6E-B67C-41F9-B17E-A55814363D1E}.Debug|x64.ActiveCfg = Debug|x64
		{3FC5DF6E-B67C-41F9-B17E-A55814363D1E}.Debug|x64.Build.0 = Debug|x64
		{3FC5DF6E-B67C-41F9-B17E-A55814363D1E}.Debug|x86.ActiveCfg = Debug|Win32
		{3FC5DF6E-B67C-41F9-B17E-A55814363D1E}.Debug|x86.Build.0 = Debug|Win32
		{3FC5DF6E-B67C-41F9-B17E-A55814363D1E}.Release|x64.ActiveCfg = Release|x64
		{3FC5DF6E-B67C-41F9-B17E-A55814363D1E}.Release|x64.Build.0 = Release|x64
		{3FC5DF6E-B67C-41F9-B17E-A55814363D1E}.Release|x86.ActiveCfg = Release|Win32
		{3FC5DF6E-B67C-41F9-B17E-A55814363D1E}.Release|x86.Build.0 = Release|Win32
		{B2CC754B-543E-413D-AA1E-C3A6822A97F1}.Debug|x64.ActiveCfg = Debug|x64
		{B2CC754B-543E-413D-AA1E-C3A6822A97F1}.Debug|x64.Build.0 = Debug|x64
		{B2CC754B-543E-413D-AA1E-C3A6822A97F1}.Debug|x86.ActiveCfg = Debug|Win32
		{B2CC754B-543E-413D-AA1E-C3A6822A97F1}.Debug|x86.Build.0 = Debug|Win32
		{B2CC754B-543E-413D-AA1E-C3A6822A97F1}.Release|x64.ActiveCfg = Release|x64
		{B2CC754B-543E-413D-AA1E-C3A6822A97F1}.Release|x64.Build.0 = Release|x64
		{B2CC754B-543E-413D-AA1E-C3A6822A97F1}.Release|x86.ActiveCfg = Release|Win32
		{B2CC754B-543E-413D-AA1E-C3A6822A97F1}.Release|x86.Build.0 = Release|Win32
		{CABA50DA-07CB-420E-A5A4-180A5384CEEF}.Debug|x64.ActiveCfg = Debug|x64
		{CABA50DA-07CB-420E-A5A4-180A5384CEEF}.Debug|x64.Build.0 = Debug|x64
		{CABA50DA-07CB-420E-A5A4-180A5384CEEF}.Debug|x86.ActiveCfg = Debug|Win32
		{CABA50DA-07CB-420E-A5A4-180A5384CEEF}.Debug|x86.Build.0 = Debug|Win32
		{CABA50DA-07CB-420E-A5A4-180A5384CEEF}.Release|x64.ActiveCfg = Release|x64
		{CABA50DA-07CB-420E-A5A4-180A5384CEEF}.Release|x64.Build.0 = Release|x64
		{CABA50DA-07CB-420E-A5A4-180A5384CEEF}.Release|x86.ActiveCfg = Release|Win32
		{CABA50DA-07CB-420E-A5A4-180A5384CEEF}.Release|x86.Build.0 = Release|Win32
		{EC2DF382-7703-4ED3-A428-368E6DBEAA5F}.Debug|x64.ActiveCfg = Debug|x64
		{EC2DF382-7703-4ED3-A428-368E6DBEAA5F}.Debug|x64.Build.0 = Debug|x64
		{EC2DF382-7703-4ED3-A428-368E6DBEAA5F}.Debug|x86.ActiveCfg = Debug|Win32
		{EC2DF382-7703-4ED3-A428-368E6DBEAA5F}.Debug|x86.Build.0 = Debug|Win32
		{EC2DF382-7703-4ED3-A428-368E6DBEAA5F}.Release|x64.ActiveCfg = Release|x64
		{EC2DF382-7703-4ED3-A428-368E6DBEAA5F}.Release|x64.Build.0 = Release|x64
		{EC2DF382-7703-4ED3-A428-368E6DBEAA5F}.Release|x86.ActiveCfg = Release|Win32
		{EC2DF382-7703-4ED3-A428-368E6DBEAA5F}.Release|x86.Build.0 = Release|Win32
		{8F928D56-8A46-426A-AAFB-7C58F7F818BA}.Debug|x64.ActiveCfg = Debug|x64
		{8F928D56-8A46-426A-AAFB-7C58F7F818BA}.Debug|x64.Build.0 = Debug|x64
		{8F928D56-8A46-426A-AAFB-7C58F7F818BA}.Debug|x86.ActiveCfg = Debug|Win32
		{8F928D56-8A46-426A-AAFB-7C58F7F818BA}.Debug|x86.Build.0 = Debug|Win32
		{8F928D56-8A46-426A-AAFB-7C58F7F818BA}.Release|x64.ActiveCfg = Release|x64
		{8F928D56-8A46-426A-AAFB-7C58F7F818BA}.Release|x64.Build.0 = Release|x64
		{8F928D56-8A46-426A-AAFB-7C58F7F818BA}.Release|x86.ActiveCfg = Release|Win32
		{8F928D56-8A46-426A-AAFB-7C58F7F818BA}.Release|x86.Build.0 = Release|Win32
		{CD62E3F9-ED67-434F-8FE2-1FDAB7EA0580}.Debug|x64.ActiveCfg = Debug|x64
		{CD62E3F9-ED67-434F-8FE2-1FDAB7EA0580}.Debug|x64.Build.0 = Debug|x64
		{CD62E3F9-ED67-434F-8FE2-1FDAB7EA0580}.Debug|x86.ActiveCfg = Debug|Win32
		{CD62E3F9-ED67-434F-8FE2-1FDAB7EA0580}.Debug|x86.Build.0 = Debug|Win32
		{CD62E3F9-ED67-434F-8FE2-1FDAB7EA0580}.Release|x64.ActiveCfg = Release|x64
		{CD62E3F9-ED67-434F-8FE2-1FDAB7EA0580}.Release|x64.Build.0 = Release|x64
		{CD62E3F9-ED67-434F-8FE2-1FDAB7EA0580}.Release|x86.ActiveCfg = Release|Win32
		{CD62E3F9-ED67-434F-8FE2-1FDAB7EA0580}.Release|x86.Build.0 = Release|Win32
		{8CC1BBB4-9314-4A6C-AA45-ECA46CBB3272}.Debug|x64.ActiveCfg = Debug|x64
		{8CC1BBB4-9314-4A6C-AA45-ECA46CBB3272}.Debug|x64.Build.0 = Debug|x64
		{8CC1BBB4-9314-4A6C-AA45-ECA46CBB3272}.Debug|x86.ActiveCfg = Debug|Win32
		{8CC1BBB4-9314-4A6C-AA45-ECA46CBB3272}.Debug|x86.Build.0 = Debug|Win32
		{8CC1BBB4-9314-4A6C-AA45-ECA46CBB3272}.Release|x64.ActiveCfg = Release|x64
		{8CC1BBB4-9314-4A6C-AA45-ECA46CBB3272}.Release|x64.Build.0 = Release|x64
		{8CC1BBB4-9314-4A6C-AA45-ECA46CBB3272}.Release|x86.ActiveCfg = Release|Win32
		{8CC1BBB4-9314-4A6C-AA45-ECA46CBB3272}.Release|x86.Build.0 = Release|Win32
		{00B9C8C0-B882-418A-911B-5FC1C9063441}.Debug|x64.ActiveCfg = Debug|x64
		{00B9C8C0-B882-418A-911B-5FC1C9063441}.Debug|x64.Build.0 = Debug|x64
		{00B9C8C0-B882-418A-911B-5FC1C9063441}.Debug|x86.ActiveCfg = Debug|Win32
		{00B9C8C0-B882-418A-911B-5FC1C9063441}.Debug|x86.Build.0 = Debug|Win32
		{00B9C8C0-B882-418A-911B-5FC1C9063441}.Release|x64.ActiveCfg = Release|x64
		{00B9C8C0-B882-418A-911B-5FC1C9063441}.Release|x64.Build.0 = Release|x64
		{00B9C8C0-B882-418A-911B-5FC1C9063441}.Release|x86.ActiveCfg = Release|Win32
		{00B9C8C0-B882-418A-911B-5FC1C9063441}.Release|x86.Build.0 = Release|Win32
		{19ABB8DA-E3A2-4557-8EC6-2C2D3764E80D}.Debug|x64.ActiveCfg = Debug|x64
		{19ABB8DA-E3A2-4557-8EC6-2C2D3764E80D}.Debug|x64.Build.0 = Debug|x64
		{19ABB8DA-E3A2-4557-8EC6-2C2D3764E80D}.Debug|x86.ActiveCfg = Debug|Win32
		{19ABB8DA-E3A2-4557-8EC6-2C2D3764E80D}.Debug|x86.Build.0 = Debug|Win32
		{19ABB8DA-E3A2-4557-8EC6-2C2D3764E80D}.Release|x64.ActiveCfg = Release|x64
		{19ABB8DA-E3A2-4557-8EC6-2C2D3764E80D}.Release|x64.Build.0 = Release|x64
		{19ABB8DA-E3A2-4557-8EC6-2C2D3764E80D}.Release|x86.ActiveCfg = Release|Win32
		{19ABB8DA-E3A2-4557-8EC6-2C2D3764E80D}.Release|x86.Build.0 = Release|Win32
		{56647162-2A39-4AA1-A822-E087214A6576}.Debug|x64.ActiveCfg = Debug|x64
		{56647162-2A39-4AA1-A822-E087214A6576}.Debug|x64.Build.0 = Debug|x64
		{56647162-2A39-4AA1-A822-E087214A6576}.Debug|x86.ActiveCfg = Debug|Win32
		{56647162-2A39-4AA1-A822-E087214A6576}.Debug|x86.Build.0 = Debug|Win32
		{56647162-2A39-4AA1-A822-E087214A6576}.Release|x64.ActiveCfg = Release|x64
		{56647162-2A39-4AA1-A822-E087214A6576}.Release|x64.Build.0 = Release|x64
		{56647162-2A39-4AA1-A822-E087214A6576}.Release|x86.ActiveCfg = Release|Win32
		{56647162-2A39-4AA1-A822-E087214A6576}.Release|x86.Build.0 = Release|Win32
		{BF9384BC-92E4-4A68-9C2C-0D421E496D26}.Debug|x64.ActiveCfg = Debug|x64
		{BF9384BC-92E4-4A68-9C2C-0D421E496D26}.Debug|x64.Build.0 = Debug|x64
		{BF9384BC-92E4-4A68-9C2C-0D421E496D26}.Debug|x86.ActiveCfg = Debug|Win32
		{BF9384BC-92E4-4A68-9C2C-0D421E496D26}.Debug|x86.Build.0 = Debug|Win32
		{BF9384BC-92E4-4A68-9C2C-0D421E496D26}.Release|x64.ActiveCfg = Release|x64
		{BF9384BC-92E4-4A68-9C2C-0D421E496D26}.Release|x64.Build.0 = Release|x64
		{BF9384BC-92E4-4A68-9C2C-0D421E496D26}.Release|x86.ActiveCfg = Release|Win32
		{BF9384BC-92E4-4A68-9C2C-0D421E496D26}.Release|x86.Build.0 = Release|Win32
		{D53E8E23-E175-463E-A428-38BEC10C9F5B}.Debug|x64.ActiveCfg = Debug|x64
		{D53E8E23-E175-463E-A428-38BEC10C9F5B}.Debug|x64.Build.0 = Debug|x64
		{D53E8E23-E175-463E-A428-38BEC10C9F5B}.Debug|x86.ActiveCfg = Debug|Win32
		{D53E8E23-E175-463E-A428-38BEC10C9F5B}.Debug|x86.Build.0 = Debug|Win32
		{D53E8E23-E175-463E-A428-38BEC10C9F5B}.Release|x64.ActiveCfg = Release|x64
		{D53E8E23-E175-463E-A428-38BEC10C9F5B}.Release|x64.Build.0 = Release|x64
		{D53E8E23-E175-463E-A428-38BEC10C9F5B}.Release|x86.ActiveCfg = Release|Win32
		{D53E8E23-E175-463E-A428-38BEC10C9F5B}.Release|x86.Build.0 = Release|Win32
		{69F9760F-1640-4CD0-9745-E0AD375D2FA0}.Debug|x64.ActiveCfg = Debug|x64
		{69F9760F-1640-4CD0-9745-E0AD375D2FA0}.Debug|x64.Build.0 = Debug|x64
		{69F9760F-1640-4CD0-9745-E0AD375D2FA0}.Debug|x86.ActiveCfg = Debug|Win32
		{69F9760F-1640-4CD0-9745-E0AD375D2FA0}.Debug|x86.Build.0 = Debug|Win32
		{69F9760F-1640-4CD0-9745-E0AD375D2FA0}.Release|x64.ActiveCfg = Release|x64
		{69F9760F-1640-4CD0-9745-E0AD375D2FA0}.Release|x64.Build.0 = Release|x64
		{69F9760F-1640-4CD0-9745-E0AD375D2FA0}.Release|x86.ActiveCfg = Release|Win32
		{69F9760F-1640-4CD0-9745-E0AD375D2FA0}.Release|x86.Build.0 = Release|Win32
		{CFE70647-C7E0-4546-AC04-83155C0BFB48}.Debug|x64.ActiveCfg = Debug|x64
		{CFE70647-C7E0-4546-AC04-83155C0BFB48}.Debug|x64.Build.0 = Debug|x64
		{CFE70647-C7E0-4546-AC04-83155C0BFB48}.Debug|x86.ActiveCfg = Debug|Win32
		{CFE70647-C7E0-4546-AC04-83155C0BFB48}.Debug|x86.Build.0 = Debug|Win32
		{CFE70647-C7E0-4546-AC04-83155C0BFB48}.Release|x64.ActiveCfg = Release|x64
		{CFE70647-C7E0-4546-AC04-83155C0BFB48}.Release|x64.Build.0 = Release|x64
		{CFE70647-C7E0-4546-AC04-83155C0BFB48}.Release|x86.ActiveCfg = Release|Win32
		{CFE70647-C7E0-4546-AC04-83155C0BFB48}.Release|x86.Build.0 = Release|Win32
		{F934B70C-C47A-4027-BD78-C3D4A8270191}.Debug|x64.ActiveCfg = Debug|x64
		{F934B70C-C47A-4027-BD78-C3D4A8270191}.Debug|x64.Build.0 = Debug|x64
		{F934B70C-C47A-4027-BD78-C3D4A8270191}.Debug|x86.ActiveCfg = Debug|Win32
		{F934B70C-C47A-4027-BD78-C3D4A8270191}.Debug|x86.Build.0 = Debug|Win32
		{F934B70C-C47A-4027-BD78-C3D4A8270191}.Release|x64.ActiveCfg = Release|x64
		{F934B70C-C47A-4027-BD78-C3D4A8270191}.Release|x64.Build.0 = Release|x64
		{F934B70C-C47A-4027-BD78-C3D4A8270191}.Release|x86.ActiveCfg = Release|Win32
		{F934B70C-C47A-4027-BD78-C3D4A8270191}.Release|x86.Build.0 = Release|Win32
		{5EB0590F-9840-49CD-974A-D988717039B6}.Debug|x64.ActiveCfg = Debug|x64
		{5EB0590F-9840-49CD-974A-D988717039B6}.Debug|x64.Build.0 = Debug|x64
		{5EB0590F-9840-49CD-974A-D988717039B6}.Debug|x86.ActiveCfg = Debug|Win32
		{5EB0590F-9840-49CD-974A-D988717039B6}.Debug|x86.Build.0 = Debug|Win32
		{5EB0590F-9840-49CD-974A-D988717039B6}.Release|x64.ActiveCfg = Release|x64
		{5EB0590F-9840-49CD-974A-D988717039B6}.Release|x64.Build.0 = Release|x64
		{5EB0590F-9840-49CD-974A-D988717039B6}.Release|x86.ActiveCfg = Release|Win32
		{5EB0590F-9840-49CD-974A-D988717039B6}.Release|x86.Build.0 = Release|Win32
		{FB5F22AA-6F2B-4C62-A210-5135AEF9D560}.Debug|x64.ActiveCfg = Debug|x64
		{FB5F22AA-6F2B-4C62-A210-5135AEF9D560}.Debug|x64.Build.0 = Debug|x64
		{FB5F22AA-6F2B-4C62-A210-5135AEF9D560}.Debug|x86.ActiveCfg = Debug|Win32
		{FB5F22AA-6F2B-4C62-A210-5135AEF9D560}.Debug|x86.Build.0 = Debug|Win32
		{FB5F22AA-6F2B-4C62-A210-5135AEF9D560}.Release|x64.ActiveCfg = Release|x64
		{FB5F22AA-6F2B-4C62-A210-5135AEF9D560}.Release|x64.Build.0 = Release|x64
		{FB5F22AA-6F2B-4C62-A210-5135AEF9D560}.Release|x86.ActiveCfg = Release|Win32
		{FB5F22AA-6F2B-4C62-A210-5135AEF9D560}.Release|x86.Build.0 = Release|Win32
		{4BE1DC98-F337-4970-9409-1260C462A6FF}.Debug|x64.ActiveCfg = Debug|x64
		{4BE1DC98-F337-4970-9409-1260C462A6FF}.Debug|x64.Build.0 = Debug|x64
		{4BE1DC98-F337-4970-9409-1260C462A6FF}.Debug|x86.ActiveCfg = Debug|Win32
		{4BE1DC98-F337-4970-9409-1260C462A6FF}.Debug|x86.Build.0 = Debug|Win32
		{4BE1DC98-F337-4970-9409-1260C462A6FF}.Release|x64.ActiveCfg = Release|x64
		{4BE1DC98-F337-4970-9409-1260C462A6FF}.Release|x64.Build.0 = Release|x64
		{4BE1DC98-F337-4970-9409-1260C462A6FF}.Release|x86.ActiveCfg = Release|Win32
		{4BE1DC98-F337-4970-9409-1260C462A6FF}.Release|x86.Build.0 = Release|Win32
		{4F3802B4-0E33-4B98-B881-CB7B6744B92C}.Debug|x64.ActiveCfg = Debug|x64
		{4F3802B4-0E33-4B98-B881-CB7B6744B92C}.Debug|x64.Build.0 = Debug|x64
		{4F3802B4-0E33-4B98-B881-CB7B6744B92C}.Debug|x86.ActiveCfg = Debug|Win32
		{4F3802B4-0E33-4B98-B881-CB7B6744B92C}.Debug|x86.Build.0 = Debug|Win32
		{4F3802B4-0E33-4B98-B881-CB7B6744B92C}.Release|x64.ActiveCfg = Release|x64
		{4F3802B4-0E33-4B98-B881-CB7B6744B92C}.Release|x64.Build.0 = Release|x64
		{4F3802B4-0E33-4B98-B881-CB7B6744B92C}.Release|x86.ActiveCfg = Release|Win32
		{4F3802B4-0E33-4B98-B881-CB7B6744B92C}.Release|x86.Build.0 = Release|Win32
		{30E48865-A72D-475E-AF0C-891E90A1AE77}.Debug|x64.ActiveCfg = Debug|x64
		{30E48865-A72D-475E-AF0C-891E90A1AE77}.Debug|x64.Build.0 = Debug|x64
		{30E48865-A72D-475E-AF0C-891E90A1AE77}.Debug|x86.ActiveCfg = Debug|Win32
		{30E48865-A72D-475E-AF0C-891E90A1AE77}.Debug|x86.Build.0 = Debug|Win32
		{30E48865-A72D-475E-AF0C-891E90A1AE77}.Release|x64.ActiveCfg = Release|x64
		{30E48865-A72D-475E-AF0C-891E90A1AE77}.Release|x64.Build.0 = Release|x64
		{30E48865-A72D-475E-AF0C-891E90A1AE77}.Release|x86.ActiveCfg = Release|Win32
		{30E48865-A72D-475E-AF0C-891E90A1AE77}.Release|x86.Build.0 = Release|Win32
		{BE8EE60D-F485-49FC-92CC-B5554B3453A5}.Debug|x64.ActiveCfg = Debug|x64
		{BE8EE60D-F485-49FC-92CC-B5554B3453A5}.Debug|x64.Build.0 = Debug|x64
		{BE8EE60D-F485-49FC-92CC-B5554B3453A5}.Debug|x86.ActiveCfg = Debug|Win32
		{BE8EE60D-F485-49FC-92CC-B5554B3453A5}.Debug|x86.Build.0 = Debug|Win32
		{BE8EE60D-F485-49FC-92CC-B5554B3453A5}.Release|x64.ActiveCfg = Release|x64
		{BE8EE60D-F485-49FC-92CC-B5554B3453A5}.Release|x64.Build.0 = Release|x64
		{BE8EE60D-F485-49FC-92CC-B5554B3453A5}.Release|x86.ActiveCfg = Release|Win32
		{BE8EE60D-F485-49FC-92CC-B5554B3453A5}.Release|x86.Build.0 = Release|Win32
		{47E877A2-EC68-4BDE-9E27-ECF1F35AFCFB}.Debug|x64.ActiveCfg = Debug|x64
		{47E877A2-EC68-4BDE-9E27-ECF1F35AFCFB}.Debug|x64.Build.0 = Debug|x64
		{47E877A2-EC68-4BDE-9E27-ECF1F35AFCFB}.Debug|x86.ActiveCfg = Debug|Win32
		{47E877A2-EC68-4BDE-9E27-ECF1F35AFCFB}.Debug|x86.Build.0 = Debug|Win32
		{47E877A2-EC68-4BDE-9E27-ECF1F35AFCFB}.Release|x64.ActiveCfg = Release|x64
		{47E877A2-EC68-4BDE-9E27-ECF1F35AFCFB}.Release|x64.Build.0 = Release|x64
		{47E877A2-EC68-4BDE-9E27-ECF1F35AFCFB}.Release|x86.ActiveCfg = Release|Win32
		{47E877A2-EC68-4BDE-9E27-ECF1F35AFCFB}.Release|x86.Build.0 = Release|Win32
		{EAC4BC36-5271-42D1-8CBC-B1901D224E06}.Debug|x64.ActiveCfg = Debug|x64
		{EAC4BC36-5271-42D1-8CBC-B1901D224E06}.Debug|x64.Build.0 = Debug|x64
		{EAC4BC36-5271-42D1-8CBC-B1901D224E06}.Debug|x86.ActiveCfg = Debug|Win32
		{EAC4BC36-5271-42D1-8CBC-B1901D224E06}.Debug|x86.Build.0 = Debug|Win32
		{EAC4BC36-5271-42D1-8CBC-B1901D224E06}.Release|x64.ActiveCfg = Release|x64
		{EAC4BC36-5271-42D1-8CBC-B1901D224E06}.Release|x64.Build.0 = Release|x64
		{EAC4BC36-5271-42D1-8CBC-B1901D224E06}.Release|x86.ActiveCfg = Release|Win32
		{EAC4BC36-5271-42D1-8CBC-B1901D224E06}.Release|x86.Build.0 = Release|Win32
		{55EA1A80-6F5F-4575-B221-C009703C931F}.Debug|x64.ActiveCfg = Debug|x64
		{55EA1A80-6F5F-4575-B221-C009703C931F}.Debug|x64.Build.0 = Debug|x64
		{55EA1A80-6F5F-4575-B221-C009703C931F}.Debug|x86.ActiveCfg = Debug|Win32
		{55EA1A80-6F5F-4575-B221-C009703C931F}.Debug|x86.Build.0 = Debug|Win32
		{55EA1A80-6F5F-4575-B221-C009703C931F}.Release|x64.ActiveCfg = Release|x64
		{55EA1A80-6F5F-4575-B221-C009703C931F}.Release|x64.Build.0 = Release|x64
		{55EA1A80-6F5F-4575-B221-C009703C931F}.Release|x86.ActiveCfg = Release|Win32
		{55EA1A80-6F5F-4575-B221-C009703C931F}.Release|x86.Build.0 = Release|Win32
		{5561741B-39E9-4BA5-A2AE-4127898A4C06}.Debug|x64.ActiveCfg = Debug|x64
		{5561741B-39E9-4BA5-A2AE-4127898A4C06}.Debug|x64.Build.0 = Debug|x64
		{5561741B-39E9-4BA5-A2AE-4127898A4C06}.Debug|x86.ActiveCfg = Debug|Win32
		{5561741B-39E9-4BA5-A2AE-4127898A4C06}.Debug|x86.Build.0 = Debug|Win32
		{5561741B-39E9-4BA5-A2AE-4127898A4C06}.Release|x64.ActiveCfg = Release|x64
		{5561741B-39E9-4BA5-A2AE-4127898A4C06}.Release|x64.Build.0 = Release|x64
		{5561741B-39E9-4BA5-A2AE-4127898A4C06}.Release|x86.ActiveCfg = Release|Win32
		{5561741B-39E9-4BA5-A2AE-4127898A4C06}.Release|x86.Build.0 = Release|Win32
		{B4130B9E-23A5-4177-98E1-CC69C6873A18}.Debug|x64.ActiveCfg = Debug|x64
		{B4130B9E-23A5-4177-98E1-CC69C6873A18}.Debug|x64.Build.0 = Debug|x64
		{B4130B9E-23A5-4177-98E1-CC69C6873A18}.Debug|x86.ActiveCfg = Debug|Win32
		{B4130B9E-23A5-4177-98E1-CC69C6873A18}.Debug|x86.Build.0 = Debug|Win32
		{B4130B9E-23A5-4177-98E1-CC69C6873A18}.Release|x64.ActiveCfg = Release|x64
		{B4130B9E-23A5-4177-98E1-CC69C6873A18}.Release|x64.Build.0 = Release|x64
		{B4130B9E-23A5-4177-98E1-CC69C6873A18}.Release|x86.ActiveCfg = Release|Win32
		{B4130B9E-23A5-4177-98E1-CC69C6873A18}.Release|x86.Build.0 = Release|Win32
		{519F881E-44DC-4BEF-A1DB-43982765D89C}.Debug|x64.ActiveCfg = Debug|x64
		{519F881E-44DC-4BEF-A1DB-43982765D89C}.Debug|x64.Build.0 = Debug|x64
		{519F881E-44DC-4BEF-A1DB-43982765D89C}.Debug|x86.ActiveCfg = Debug|Win32
		{519F881E-44DC-4BEF-A1DB-43982765D89C}.Debug|x86.Build.0 = Debug|Win32
		{519F881E-44DC-4BEF-A1DB-43982765D89C}.Release|x64.ActiveCfg = Release|x64
		{519F881E-44DC-4BEF-A1DB-43982765D89C}.Release|x64.Build.0 = Release|x64
		{519F881E-44DC-4BEF-A1DB-43982765D89C}.Release|x86.ActiveCfg = Release|Win32
		{519F881E-44DC-4BEF-A1DB-43982765D89C}.Release|x86.Build.0 = Release|Win32
		{14660651-03B2-45C0-B839-114A7EADF8CF}.Debug|x64.ActiveCfg = Debug|x64
		{14660651-03B2-45C0-B839-114A7EADF8CF}.Debug|x64.Build.0 = Debug|x64
		{14660651-03B2-45C0-B839-114A7EADF8CF}.Debug|x86.ActiveCfg = Debug|Win32
		{14660651-03B2-45C0-B839-114A7EADF8CF}.Debug|x86.Build.0 = Debug|Win32
		{14660651-03B2-45C0-B839-114A7EADF8CF}.Release|x64.ActiveCfg = Release|x64
		{14660651-03B2-45C0-B839-114A7EADF8CF}.Release|x64.Build.0 = Release|x64
		{14660651-03B2-45C0-B839-114A7EADF8CF}.Release|x86.ActiveCfg = Release|Win32
		{14660651-03B2-45C0-B839-114A7EADF8CF}.Release|x86.Build.0 = Release|Win32
		{F6C4F717-6373-44E7-8520-25C853B244BD}.Debug|x64.ActiveCfg = Debug|x64
		{F6C4F717-6373-44E7-8520-25C853B244BD}.Debug|x64.Build.0 = Debug|x64
		{F6C4F717-6373-44E7-8520-25C853B244BD}.Debug|x86.ActiveCfg = Debug|Win32
		{F6C4F717-6373-44E7-8520-25C853B244BD}.Debug|x86.Build.0 = Debug|Win32
		{F6C4F717-6373-44E7-8520-25C853B244BD}.Release|x64.ActiveCfg = Release|x64
		{F6C4F717-6373-44E7-8520-25C853B244BD}.Release|x64.Build.0 = Release|x64
		{F6C4F717-6373-44E7-8520-25C853B244BD}.Release|x86.ActiveCfg = Release|Win32
		{F6C4F717-6373-44E7-8520-25C853B244BD}.Release|x86.Build.0 = Release|Win32
		{2AC2BBA6-985A-453E-9CCB-EC95D3630414}.Debug|x64.ActiveCfg = Debug|x64
		{2AC2BBA6-985A-453E-9CCB-EC95D3630414}.Debug|x64.Build.0 = Debug|x64
		{2AC2BBA6-985A-453E-9CCB-EC95D3630414}.Debug|x86.ActiveCfg = Debug|Win32
		{2AC2BBA6-985A-453E-9CCB-EC95D3630414}.Debug|x86.Build.0 = Debug|Win32
		{2AC2BBA6-985A-453E-9CCB-EC95D3630414}.Release|x64.ActiveCfg = Release|x64
		{2AC2BBA6-985A-453E-9CCB-EC95D3630414}.Release|x64.Build.0 = Release|x64
		{2AC2BBA6-985A-453E-9CCB-EC95D3630414}.Release|x86.ActiveCfg = Release|Win32
		{2AC2BBA6-985A-453E-9CCB-EC95D3630414}.Release|x86.Build.0 = Release|Win32
		{69F9E38F-2C9B-4854-8536-9672CB754BC1}.Debug|x64.ActiveCfg = Debug|x64
		{69F9E38F-2C9B-4854-8536-9672CB754BC1}.Debug|x64.Build.0 = Debug|x64
		{69F9E38F-2C9B-4854-8536-9672CB754BC1}.Debug|x86.ActiveCfg = Debug|Win32
		{69F9E38F-2C9B-4854-8536-9672CB754BC1}.Debug|x86.Build.0 = Debug|Win32
		{69F9E38F-2C9B-4854-8536-9672CB754BC1}.Release|x64.ActiveCfg = Release|x64
		{69F9E38F-2C9B-4854-8536-9672CB754BC1}.Release|x64.Build.0 = Release|x64
		{69F9E38F-2C9B-4854-8536-9672CB754BC1}.Release|x86.ActiveCfg = Release|Win32
		{69F9E38F-2C9B-4854-8536-9672CB754BC1}.Release|x86.Build.0 = Release|Win32
		{AC0641D2-8D17-4F5E-BEDF-E32E3FD1918C}.Debug|x64.ActiveCfg = Debug|x64
		{AC0641D2-8D17-4F5E-BEDF-E32E3FD1918C}.Debug|x64.Build.0 = Debug|x64
		{AC0641D2-8D17-4F5E-BEDF-E32E3FD1918C}.Debug|x86.ActiveCfg = Debug|Win32
		{AC0641D2-8D17-4F5E-BEDF-E32E3FD1918C}.Debug|x86.Build.0 = Debug|Win32
		{AC0641D2-8D17-4F5E-BEDF-E32E3FD1918C}.Release|x64.ActiveCfg = Release|x64
		{AC0641D2-8D17-4F5E-BEDF-E32E3FD1918C}.Release|x64.Build.0 = Release|x64
		{AC0641D2-8D17-4F5E-BEDF-E32E3FD1918C}.Release|x86.ActiveCfg = Release|Win32
		{AC0641D2-8D17-4F5E-BEDF-E32E3FD1918C}.Release|x86.Build.0 = Release|Win32
		{8285589D-F572-4936-8383-543327AC936A}.Debug|x64.ActiveCfg = Debug|x64
		{8285589D-F572-4936-8383-543327AC936A}.Debug|x64.Build.0 = Debug|x64
		{8285589D-F572-4936-8383-543327AC936A}.Debug|x86.ActiveCfg = Debug|Win32
		{8285589D-F572-4936-8383-543327AC936A}.Debug|x86.Build.0 = Debug|Win32
		{8285589D-F572-4936-8383-543327AC936A}.Release|x64.ActiveCfg = Release|x64
		{8285589D-F572-4936-8383-543327AC936A}.Release|x64.Build.0 = Release|x64
		{8285589D-F572-4936-8383-543327AC936A}.Release|x86.ActiveCfg = Release|Win32
		{8285589D-F572-4936-8383-543327AC936A}.Release|x86.Build.0 = Release|Win32
		{0731F1E0-E45A-4BEE-A324-F78B672B20A8}.Debug|x64.ActiveCfg = Debug|x64
		{0731F1E0-E45A-4BEE-A324-F78B672B20A8}.Debug|x64.Build.0 = Debug|x64
		{0731F1E0-E45A-4BEE-A324-F78B672B20A8}.Debug|x86.ActiveCfg = Debug|Win32
		{0731F1E0-E45A-4BEE-A324-F78B672B20A8}.Debug|x86.Build.0 = Debug|Win32
		{0731F1E0-E45A-4BEE-A324-F78B672B20A8}.Release|x64.ActiveCfg = Release|x64
		{0731F1E0-E45A-4BEE-A324-F78B672B20A8}.Release|x64.Build.0 = Release|x64
		{0731F1E0-E45A-4BEE-A324-F78B672B20A8}.Release|x86.ActiveCfg = Release|Win32
		{0731F1E0-E45A-4BEE-A324-F78B672B20A8}.Release|x86.Build.0 = Release|Win32
		{78D2CBF3-A7FE-4641-9BE3-63C4BF303C8C}.Debug|x64.ActiveCfg = Debug|x64
		{78D2CBF3-A7FE-4641-9BE3-63C4BF303C8C}.Debug|x64.Build.0 = Debug|x64
		{78D2CBF3-A7FE-4641-9BE3-63C4BF303C8C}.Debug|x86.ActiveCfg = Debug|Win32
		{78D2CBF3-A7FE-4641-9BE3-63C4BF303C8C}.Debug|x86.Build.0 = Debug|Win32
		{78D2CBF3-A7FE-4641-9BE3-63C4BF303C8C}.Release|x64.ActiveCfg = Release|x64
		{78D2CBF3-A7FE-4641-9BE3-63C4BF303C8C}.Release|x64.Build.0 = Release|x64
		{78D2CBF3-A7FE-4641-9BE3-63C4BF303C8C}.Release|x86.ActiveCfg = Release|Win32
		{78D2CBF3-A7FE-4641-9BE3-63C4BF303C8C}.Release|x86.Build.0 = Release|Win32
		{9736A995-4ED4-4938-86B7-BF54D3A7532C}.Debug|x64.ActiveCfg = Debug|x64
		{9736A995-4ED4-4938-86B7-BF54D3A7532C}.Debug|x64.Build.0 = Debug|x64
		{9736A995-4ED4-4938-86B7-BF54D3A7532C}.Debug|x86.ActiveCfg = Debug|Win32
		{9736A995-4ED4-4938-86B7-BF54D3A7532C}.Debug|x86.Build.0 = Debug|Win32
		{9736A995-4ED4-4938-86B7-BF54D3A7532C}.Release|x64.ActiveCfg = Release|x64
		{9736A995-4ED4-4938-86B7-BF54D3A7532C}.Release|x64.Build.0 = Release|x64
		{9736A995-4ED4-4938-86B7-BF54D3A7532C}.Release|x86.ActiveCfg = Release|Win32
		{9736A995-4ED4-4938-86B7-BF54D3A7532C}.Release|x86.Build.0 = Release|Win32
		{6709AD33-E082-4B12-912B-5DD51AA1AB69}.Debug|x64.ActiveCfg = Debug|x64
		{6709AD33-E082-4B12-912B-5DD51AA1AB69}.Debug|x64.Build.0 = Debug|x64
		{6709AD33-E082-4B12-912B-5DD51AA1AB69}.Debug|x86.ActiveCfg = Debug|Win32
		{6709AD33-E082-4B12-912B-5DD51AA1AB69}.Debug|x86.Build.0 = Debug|Win32
		{6709AD33-E082-4B12-912B-5DD51AA1AB69}.Release|x64.ActiveCfg = Release|x64
		{6709AD33-E082-4B12-912B-5DD51AA1AB69}.Release|x64.Build.0 = Release|x64
		{6709AD33-E082-4B12-912B-5DD51AA1AB69}.Release|x86.ActiveCfg = Release|Win32
		{6709AD33-E082-4B12-912B-5DD51AA1AB69}.Release|x86.Build.0 = Release|Win32
		{BCB8BFC5-7BDF-402E-83D0-F22760E4157F}.Debug|x64.ActiveCfg = Debug|x64
		{BCB8BFC5-7BDF-402E-83D0-F22760E4157F}.Debug|x64.Build.0 = Debug|x64
		{BCB8BFC5-7BDF-402E-83D0-F22760E4157F}.Debug|x86.ActiveCfg = Debug|Win32
		{BCB8BFC5-7BDF-402E-83D0-F22760E4157F}.Debug|x86.Build.0 = Debug|Win32
		{BCB8BFC5-7BDF-402E-83D0-F22760E4157F}.Release|x64.ActiveCfg = Release|x64
		{BCB8BFC5-7BDF-402E-83D0-F22760E4157F}.Release|x64.Build.0 = Release|x64
		{BCB8BFC5-7BDF-402E-83D0-F22760E4157F}.Release|x86.ActiveCfg = Release|Win32
		{BCB8BFC5-7BDF-402E-83D0-F22760E4157F}.Release|x86.Build.0 = Release|Win32
		{10704873-6960-45AD-AC8F-874E3119FE2E}.Debug|x64.ActiveCfg = Debug|x64
		{10704873-6960-45AD-AC8F-874E3119FE2E}.Debug|x64.Build.0 = Debug|x64
		{10704873-6960-45AD-AC8F-874E3119FE2E}.Debug|x86.ActiveCfg = Debug|Win32
		{10704873-6960-45AD-AC8F-874E3119FE2E}.Debug|x86.Build.0 = Debug|Win32
		{10704873-6960-45AD-AC8F-874E3119FE2E}.Release|x64.ActiveCfg = Release|x64
		{10704873-6960-45AD-AC8F-874E3119FE2E}.Release|x64.Build.0 = Release|x64
		{10704873-6960-45AD-AC8F-874E3119FE2E}.Release|x86.ActiveCfg = Release|Win32
		{10704873-6960-45AD-AC8F-874E3119FE2E}.Release|x86.Build.0 = Release|Win32
		{E8D5AB6D-07EF-4F34-B360-17B10C1FF534}.Debug|x64.ActiveCfg = Debug|x64
		{E8D5AB6D-07EF-4F34-B360-17B10C1FF534}.Debug|x64.Build.0 = Debug|x64
		{E8D5AB6D-07EF-4F34-B360-17B10C1FF534}.Debug|x86.ActiveCfg = Debug|Win32
		{E8D5AB6D-07EF-4F34-B360-17B10C1FF534}.Debug|x86.Build.0 = Debug|Win32
		{E8D5AB6D-07EF-4F34-B360-17B10C1FF534}.Release|x64.ActiveCfg = Release|x64
		{E8D5AB6D-07EF-4F34-B360-17B10C1FF534}.Release|x64.Build.0 = Release|x64
		{E8D5AB6D-07EF-4F34-B360-17B10C1FF534}.Release|x86.ActiveCfg = Release|Win32
		{E8D5AB6D-07EF-4F34-B360-17B10C1FF534}.Release|x86.Build.0 = Release|Win32
		{4C2217C3-A9BC-4DDE-9FCA-3A5107110FB4}.Debug|x64.ActiveCfg = Debug|x64
		{4C2217C3-A9BC-4DDE-9FCA-3A5107110FB4}.Debug|x64.Build.0 = Debug|x64
		{4C2217C3-A9BC-4DDE-9FCA-3A5107110FB4}.Debug|x86.ActiveCfg = Debug|Win32
		{4C2217C3-A9BC-4DDE-9FCA-3A5107110FB4}.Debug|x86.Build.0 = Debug|Win32
		{4C2217C3-A9BC-4DDE-9FCA-3A5107110FB4}.Release|x64.ActiveCfg = Release|x64
		{4C2217C3-A9BC-4DDE-9FCA-3A5107110FB4}.Release|x64.Build.0 = Release|x64
		{4C2217C3-A9BC-4DDE-9FCA-3A5107110FB4}.Release|x86.ActiveCfg = Release|Win32
		{4C2217C3-A9BC-4DDE-9FCA-3A5107110FB4}.Release|x86.Build.0 = Release|Win32
	EndGlobalSection
	GlobalSection(SolutionProperties) = preSolution
		HideSolutionNode = FALSE
	EndGlobalSection
	GlobalSection(NestedProjects) = preSolution
		{41E12E5A-A1BB-48FE-8378-CE145CE643F8} = {42C84DD7-AF30-4DDE-8851-B54B04FDBF6D}
		{7511A0CF-C759-476F-9171-BAC87F1BAD1A} = {42C84DD7-AF30-4DDE-8851-B54B04FDBF6D}
		{2A29B63D-DC9C-49E0-A006-CCEBEB6FFCF5} = {42C84DD7-AF30-4DDE-8851-B54B04FDBF6D}
		{55BFCD6C-D87C-4E1F-8F16-A2B74316559C} = {42C84DD7-AF30-4DDE-8851-B54B04FDBF6D}
		{76146805-FEDE-4C9E-A04B-53BF9D4C507D} = {42C84DD7-AF30-4DDE-8851-B54B04FDBF6D}
		{9BA49257-C8DE-4057-88AD-0A89474BEF4A} = {42C84DD7-AF30-4DDE-8851-B54B04FDBF6D}
		{DD58DB73-6050-4682-AABD-8A6B9416CEF4} = {42C84DD7-AF30-4DDE-8851-B54B04FDBF6D}
		{BBC9CB94-B475-4646-AABB-0D4E772B480A} = {42C84DD7-AF30-4DDE-8851-B54B04FDBF6D}
		{7B77CD8B-2B3D-4431-98D7-26214FE83A25} = {42C84DD7-AF30-4DDE-8851-B54B04FDBF6D}
		{C8CEC9D3-C6E0-41D8-9F51-B2E59B9E6707} = {42C84DD7-AF30-4DDE-8851-B54B04FDBF6D}
		{3A95530F-45AC-4C05-8C62-8B924CB45DA7} = {42C84DD7-AF30-4DDE-8851-B54B04FDBF6D}
		{8E95EA47-B0B9-4A76-9495-161C65F9E662} = {42C84DD7-AF30-4DDE-8851-B54B04FDBF6D}
		{620D0D8E-5B89-444F-9820-768E727DBF38} = {42C84DD7-AF30-4DDE-8851-B54B04FDBF6D}
		{3FE2DA1C-6E4E-4F2C-B184-87631D72FB01} = {42C84DD7-AF30-4DDE-8851-B54B04FDBF6D}
		{DCE9CD17-9418-4F89-AE69-D8CED47937ED} = {751445F1-F99B-46F4-B913-59174FB62178}
		{C7F0EBC7-B7FD-445B-9564-EA6992D04375} = {751445F1-F99B-46F4-B913-59174FB62178}
		{40AC584E-094C-4689-B44C-7092BD1CC38F} = {751445F1-F99B-46F4-B913-59174FB62178}
		{94212F8F-20BC-4A68-8917-D19F5400D411} = {751445F1-F99B-46F4-B913-59174FB62178}
		{459266AB-D539-4B9E-99C7-C4C2DD653D29} = {751445F1-F99B-46F4-B913-59174FB62178}
		{3B33F6EA-7EAB-4AEF-97E2-D2DF2BBFE12F} = {751445F1-F99B-46F4-B913-59174FB62178}
		{839701F4-80DF-4BC2-8BEA-D7AFC0C4DE73} = {751445F1-F99B-46F4-B913-59174FB62178}
		{B35FEEFB-6CB3-4098-AE38-2D3D96316B9D} = {751445F1-F99B-46F4-B913-59174FB62178}
		{CBE72185-DF4E-4AE0-AE53-5764EBCB7D51} = {751445F1-F99B-46F4-B913-59174FB62178}
		{3FC5DF6E-B67C-41F9-B17E-A55814363D1E} = {751445F1-F99B-46F4-B913-59174FB62178}
		{B2CC754B-543E-413D-AA1E-C3A6822A97F1} = {751445F1-F99B-46F4-B913-59174FB62178}
		{CABA50DA-07CB-420E-A5A4-180A5384CEEF} = {751445F1-F99B-46F4-B913-59174FB62178}
		{EC2DF382-7703-4ED3-A428-368E6DBEAA5F} = {751445F1-F99B-46F4-B913-59174FB62178}
		{8F928D56-8A46-426A-AAFB-7C58F7F818BA} = {751445F1-F99B-46F4-B913-59174FB62178}
		{CD62E3F9-ED67-434F-8FE2-1FDAB7EA0580} = {751445F1-F99B-46F4-B913-59174FB62178}
		{8CC1BBB4-9314-4A6C-AA45-ECA46CBB3272} = {751445F1-F99B-46F4-B913-59174FB62178}
		{00B9C8C0-B882-418A-911B-5FC1C9063441} = {751445F1-F99B-46F4-B913-59174FB62178}
		{19ABB8DA-E3A2-4557-8EC6-2C2D3764E80D} = {751445F1-F99B-46F4-B913-59174FB62178}
		{56647162-2A39-4AA1-A822-E087214A6576} = {751445F1-F99B-46F4-B913-59174FB62178}
		{BF9384BC-92E4-4A68-9C2C-0D421E496D26} = {751445F1-F99B-46F4-B913-59174FB62178}
		{D53E8E23-E175-463E-A428-38BEC10C9F5B} = {751445F1-F99B-46F4-B913-59174FB62178}
		{69F9760F-1640-4CD0-9745-E0AD375D2FA0} = {751445F1-F99B-46F4-B913-59174FB62178}
		{CFE70647-C7E0-4546-AC04-83155C0BFB48} = {751445F1-F99B-46F4-B913-59174FB62178}
		{F934B70C-C47A-4027-BD78-C3D4A8270191} = {751445F1-F99B-46F4-B913-59174FB62178}
		{5EB0590F-9840-49CD-974A-D988717039B6} = {751445F1-F99B-46F4-B913-59174FB62178}
		{FB5F22AA-6F2B-4C62-A210-5135AEF9D560} = {751445F1-F99B-46F4-B913-59174FB62178}
		{4BE1DC98-F337-4970-9409-1260C462A6FF} = {751445F1-F99B-46F4-B913-59174FB62178}
		{4F3802B4-0E33-4B98-B881-CB7B6744B92C} = {751445F1-F99B-46F4-B913-59174FB62178}
		{30E48865-A72D-475E-AF0C-891E90A1AE77} = {751445F1-F99B-46F4-B913-59174FB62178}
		{BE8EE60D-F485-49FC-92CC-B5554B3453A5} = {751445F1-F99B-46F4-B913-59174FB62178}
		{47E877A2-EC68-4BDE-9E27-ECF1F35AFCFB} = {751445F1-F99B-46F4-B913-59174FB62178}
		{EAC4BC36-5271-42D1-8CBC-B1901D224E06} = {751445F1-F99B-46F4-B913-59174FB62178}
		{55EA1A80-6F5F-4575-B221-C009703C931F} = {751445F1-F99B-46F4-B913-59174FB62178}
		{5561741B-39E9-4BA5-A2AE-4127898A4C06} = {751445F1-F99B-46F4-B913-59174FB62178}
		{B4130B9E-23A5-4177-98E1-CC69C6873A18} = {751445F1-F99B-46F4-B913-59174FB62178}
		{519F881E-44DC-4BEF-A1DB-43982765D89C} = {751445F1-F99B-46F4-B913-59174FB62178}
		{14660651-03B2-45C0-B839-114A7EADF8CF} = {751445F1-F99B-46F4-B913-59174FB62178}
		{F6C4F717-6373-44E7-8520-25C853B244BD} = {751445F1-F99B-46F4-B913-59174FB62178}
		{2AC2BBA6-985A-453E-9CCB-EC95D3630414} = {751445F1-F99B-46F4-B913-59174FB62178}
		{69F9E38F-2C9B-4854-8536-9672CB754BC1} = {751445F1-F99B-46F4-B913-59174FB62178}
		{AC0641D2-8D17-4F5E-BEDF-E32E3FD1918C} = {E12B60B1-0AA0-4649-9023-0AA8AAA1507E}
		{8285589D-F572-4936-8383-543327AC936A} = {E12B60B1-0AA0-4649-9023-0AA8AAA1507E}
		{0731F1E0-E45A-4BEE-A324-F78B672B20A8} = {E12B60B1-0AA0-4649-9023-0AA8AAA1507E}
		{78D2CBF3-A7FE-4641-9BE3-63C4BF303C8C} = {E12B60B1-0AA0-4649-9023-0AA8AAA1507E}
		{9736A995-4ED4-4938-86B7-BF54D3A7532C} = {E12B60B1-0AA0-4649-9023-0AA8AAA1507E}
		{6709AD33-E082-4B12-912B-5DD51AA1AB69} = {E12B60B1-0AA0-4649-9023-0AA8AAA1507E}
		{BCB8BFC5-7BDF-402E-83D0-F22760E4157F} = {E12B60B1-0AA0-4649-9023-0AA8AAA1507E}
		{10704873-6960-45AD-AC8F-874E3119FE2E} = {E12B60B1-0AA0-4649-9023-0AA8AAA1507E}
		{E8D5AB6D-07EF-4F34-B360-17B10C1FF534} = {E12B60B1-0AA0-4649-9023-0AA8AAA1507E}
	EndGlobalSection
	GlobalSection(ExtensibilityGlobals) = postSolution
		SolutionGuid = {C6BC05AB-8D01-4E5B-B749-808A59B6D90F}
	EndGlobalSection
EndGlobal
