
Microsoft Visual Studio Solution File, Format Version 12.00
# Visual Studio Version 16
VisualStudioVersion = 16.0.31229.75
MinimumVisualStudioVersion = 10.0.40219.1
Project("{8BC9CEB8-8B4A-11D0-8D11-00A0C91BC942}") = "2주차_1", "..\2주차_1\2주차_1.vcxproj", "{5787A2E9-6FA6-4FBF-AFF5-FD944A4FCB4E}"
EndProject
Global
	GlobalSection(SolutionConfigurationPlatforms) = preSolution
		Debug|x64 = Debug|x64
		Debug|x86 = Debug|x86
		Release|x64 = Release|x64
		Release|x86 = Release|x86
	EndGlobalSection
	GlobalSection(ProjectConfigurationPlatforms) = postSolution
		{5787A2E9-6FA6-4FBF-AFF5-FD944A4FCB4E}.Debug|x64.ActiveCfg = Debug|x64
		{5787A2E9-6FA6-4FBF-AFF5-FD944A4FCB4E}.Debug|x64.Build.0 = Debug|x64
		{5787A2E9-6FA6-4FBF-AFF5-FD944A4FCB4E}.Debug|x86.ActiveCfg = Debug|Win32
		{5787A2E9-6FA6-4FBF-AFF5-FD944A4FCB4E}.Debug|x86.Build.0 = Debug|Win32
		{5787A2E9-6FA6-4FBF-AFF5-FD944A4FCB4E}.Release|x64.ActiveCfg = Release|x64
		{5787A2E9-6FA6-4FBF-AFF5-FD944A4FCB4E}.Release|x64.Build.0 = Release|x64
		{5787A2E9-6FA6-4FBF-AFF5-FD944A4FCB4E}.Release|x86.ActiveCfg = Release|Win32
		{5787A2E9-6FA6-4FBF-AFF5-FD944A4FCB4E}.Release|x86.Build.0 = Release|Win32
	EndGlobalSection
	GlobalSection(SolutionProperties) = preSolution
		HideSolutionNode = FALSE
	EndGlobalSection
	GlobalSection(ExtensibilityGlobals) = postSolution
		SolutionGuid = {D3A198F0-840F-4DC2-B9EE-41F1DB1BD028}
	EndGlobalSection
EndGlobal
